[0:v]crop=1280:720:0:40,setsar=1,fade=t=in:st=0:d=0.6,drawtext=fontfile=media_work/msyh.ttc:fontcolor=0xfffbed:shadowcolor=black@0.55:shadowx=2:shadowy=3:textfile=media_work/title.txt:fontsize=68:x=(w-tw)/2:y=72:enable='between(t,0,4.8)',drawtext=fontfile=media_work/msyh.ttc:fontcolor=0xfffbed:shadowcolor=black@0.55:shadowx=2:shadowy=3:textfile=media_work/subtitle.txt:fontsize=28:x=(w-tw)/2:y=164:enable='between(t,0,4.8)',drawbox=x=0:y=607:w=1280:h=113:color=0x0b2826@0.48:t=fill:enable='between(t,5.4,26.8)',drawtext=fontfile=media_work/msyh.ttc:fontcolor=0xfffbed:shadowcolor=black@0.55:shadowx=2:shadowy=3:textfile=media_work/coast.txt:fontsize=30:x=(w-tw)/2:y=645:enable='between(t,5.4,10.7)',drawtext=fontfile=media_work/msyh.ttc:fontcolor=0xfffbed:shadowcolor=black@0.55:shadowx=2:shadowy=3:textfile=media_work/forest.txt:fontsize=30:x=(w-tw)/2:y=645:enable='between(t,11.4,15.7)',drawtext=fontfile=media_work/msyh.ttc:fontcolor=0xfffbed:shadowcolor=black@0.55:shadowx=2:shadowy=3:textfile=media_work/seasons.txt:fontsize=30:x=(w-tw)/2:y=645:enable='between(t,16.4,21.7)',drawtext=fontfile=media_work/msyh.ttc:fontcolor=0xfffbed:shadowcolor=black@0.55:shadowx=2:shadowy=3:textfile=media_work/dusk.txt:fontsize=30:x=(w-tw)/2:y=645:enable='between(t,22.4,26.8)',drawbox=x=0:y=0:w=1280:h=720:color=0x092c2d@0.35:t=fill:enable='between(t,27.5,32)',drawtext=fontfile=media_work/msyh.ttc:fontcolor=0xfffbed:shadowcolor=black@0.55:shadowx=2:shadowy=3:textfile=media_work/title.txt:fontsize=74:x=(w-tw)/2:y=206:enable='between(t,27.5,32)',drawtext=fontfile=media_work/msyh.ttc:fontcolor=0xfffbed:shadowcolor=black@0.55:shadowx=2:shadowy=3:textfile=media_work/ending.txt:fontsize=30:x=(w-tw)/2:y=315:enable='between(t,27.5,32)',drawtext=fontfile=media_work/msyh.ttc:fontcolor=0xfffbed:shadowcolor=black@0.55:shadowx=2:shadowy=3:textfile=media_work/link.txt:fontsize=20:x=(w-tw)/2:y=380:enable='between(t,27.5,32)',fade=t=out:st=31.3:d=0.7[v];
[1:a]volume=0.80,atrim=duration=32,asetpts=PTS-STARTPTS[m];
[2:a]volume=0.22,atrim=duration=32,asetpts=PTS-STARTPTS[s];
[3:a]volume=0.30,adelay=6200|6200[e];
[4:a]volume=0.45,adelay=11700|11700[p];
[m][s][e][p]amix=inputs=4:duration=longest:normalize=0,atrim=duration=32,afade=t=in:st=0:d=0.6,afade=t=out:st=30:d=2,alimiter=limit=0.95[a]
