[0:v]crop=1280:720:0:40,setsar=1,fade=t=in:st=0:d=0.25,drawtext=fontfile=media_work/msyh.ttc:textfile=media_work/brand.txt:fontsize=20:fontcolor=white:shadowcolor=black@0.6:shadowx=1:shadowy=2:x=w-tw-28:y=25:enable='lt(t,31)',drawbox=x=0:y=620:w=1280:h=100:color=0x103638@0.68:t=fill:enable='lt(t,31)',drawtext=fontfile=media_work/msyh.ttc:textfile=media_work/coast.txt:fontsize=34:fontcolor=white:x=(w-tw)/2:y=650:enable='between(t,0,6.99)',drawtext=fontfile=media_work/msyh.ttc:textfile=media_work/dusk.txt:fontsize=34:fontcolor=white:x=(w-tw)/2:y=650:enable='between(t,7,12.19)',drawtext=fontfile=media_work/msyh.ttc:textfile=media_work/undo.txt:fontsize=34:fontcolor=0xffd787:x=(w-tw)/2:y=650:enable='between(t,12.2,13.99)',drawtext=fontfile=media_work/msyh.ttc:textfile=media_work/build.txt:fontsize=34:fontcolor=white:x=(w-tw)/2:y=650:enable='between(t,14,22.79)',drawtext=fontfile=media_work/msyh.ttc:textfile=media_work/detach.txt:fontsize=34:fontcolor=0xffd787:x=(w-tw)/2:y=650:enable='between(t,22.8,24.99)',drawtext=fontfile=media_work/msyh.ttc:textfile=media_work/forest.txt:fontsize=34:fontcolor=white:x=(w-tw)/2:y=650:enable='between(t,25,30.99)',drawbox=x=0:y=0:w=1280:h=720:color=0x103638@0.27:t=fill:enable='gte(t,31)',drawtext=fontfile=media_work/msyh.ttc:textfile=media_work/title.txt:fontsize=60:fontcolor=white:shadowcolor=black@0.7:shadowx=2:shadowy=3:x=(w-tw)/2:y=92:enable='gte(t,31)',drawtext=fontfile=media_work/msyh.ttc:textfile=media_work/subtitle.txt:fontsize=40:fontcolor=0xffdf97:shadowcolor=black@0.7:shadowx=2:shadowy=3:x=(w-tw)/2:y=182:enable='gte(t,31)',drawbox=x=0:y=591:w=1280:h=129:color=0x103638@0.75:t=fill:enable='gte(t,31)',drawtext=fontfile=media_work/msyh.ttc:textfile=media_work/ending.txt:fontsize=27:fontcolor=white:x=(w-tw)/2:y=615:enable='gte(t,31)',drawtext=fontfile=media_work/msyh.ttc:textfile=media_work/link.txt:fontsize=20:fontcolor=0xcce4df:x=(w-tw)/2:y=663:enable='gte(t,31)',fade=t=out:st=35.5:d=0.5[v];
